{
  "name": "Leanote-Desktop",
  "version": "1.0.0",
  "lockfileVersion": 1,
  "requires": true,
  "dependencies": {
    "@electron/remote": {
      "version": "1.0.4",
      "resolved": "https://registry.npmjs.org/@electron/remote/-/remote-1.0.4.tgz",
      "integrity": "sha512-kguDJRhL3ZynHrkbX8Tr7xoAzGsNgh4eqXkycXb6cgXbOgehGqkBVe+MnjSVMXz3QJykerGKPy28gqcM7AFGYw=="
    },
    "adm-zip": {
      "version": "0.4.11",
      "resolved": "https://registry.npmjs.org/adm-zip/-/adm-zip-0.4.11.tgz",
      "integrity": "sha512-L8vcjDTCOIJk7wFvmlEUN7AsSb8T+2JrdP7KINBjzr24TJ5Mwj590sLu3BC7zNZowvJWa/JtPmD8eJCzdtDWjA=="
    },
    "async": {
      "version": "2.6.4",
      "resolved": "https://registry.npmjs.org/async/-/async-2.6.4.tgz",
      "integrity": "sha512-mzo5dfJYwAn29PeiJ0zvwTo04zj8HDJj0Mn8TD7sno7q12prdbnasKJHhkm2c1LgrhlJ0teaea8860oxi51mGA==",
      "requires": {
        "lodash": "^4.17.14"
      }
    },
    "binary-search-tree": {
      "version": "0.2.4",
      "resolved": "https://registry.npmjs.org/binary-search-tree/-/binary-search-tree-0.2.4.tgz",
      "integrity": "sha1-FP4QY2alnKjvtowK4ww2qv8M1RA=",
      "requires": {
        "underscore": "~1.4.4"
      }
    },
    "iconv-lite": {
      "version": "0.4.15",
      "resolved": "https://registry.npmjs.org/iconv-lite/-/iconv-lite-0.4.15.tgz",
      "integrity": "sha1-/iZaIYrGpXz+hUkn6dBMGYJe3es="
    },
    "lodash": {
      "version": "4.17.21",
      "resolved": "https://registry.npmjs.org/lodash/-/lodash-4.17.21.tgz",
      "integrity": "sha512-v2kDEe57lecTulaDIuNTPy3Ry4gLGJ6Z1O3vE1krgXZNrsQ+LFTGHVxVjcXPs17LhbZVGedAJv8XZ1tvj5FvSg=="
    },
    "mkdirp": {
      "version": "0.3.5",
      "resolved": "https://registry.npmjs.org/mkdirp/-/mkdirp-0.3.5.tgz",
      "integrity": "sha1-3j5fiWHIjHh+4TaN+EmsRBPsqNc="
    },
    "nedb": {
      "version": "1.1.1",
      "resolved": "https://registry.npmjs.org/nedb/-/nedb-1.1.1.tgz",
      "integrity": "sha1-rhccePrZGcCqr9CHbbwrTdKinsk=",
      "requires": {
        "async": "0.2.10",
        "binary-search-tree": "0.2.4",
        "mkdirp": "~0.3.5",
        "underscore": "~1.4.4"
      },
      "dependencies": {
        "async": {
          "version": "0.2.10",
          "resolved": "https://registry.npmjs.org/async/-/async-0.2.10.tgz",
          "integrity": "sha1-trvgsGdLnXGXCMo43owjfLUmw9E="
        }
      }
    },
    "needle": {
      "version": "git://github.com/leanote/needle.git#5eb35d8c97f646d3ce875f4c2e23b982edfb0db0",
      "from": "git://github.com/leanote/needle.git",
      "requires": {
        "iconv-lite": "^0.4.4"
      }
    },
    "node-getmac": {
      "version": "1.0.3",
      "resolved": "https://registry.npmjs.org/node-getmac/-/node-getmac-1.0.3.tgz",
      "integrity": "sha512-HEmIX5vFfYgpAH/MHiKgx4g7gCHWkBlmH+8huPk1d2cj73yKAdwcXqEykLpEzcRzIAUrAvd0sZhM/UKURS4xZA=="
    },
    "sax": {
      "version": "0.6.1",
      "resolved": "https://registry.npmjs.org/sax/-/sax-0.6.1.tgz",
      "integrity": "sha1-VjsZx8HeiS4Jv8Ty/DDjwn8JUrk="
    },
    "underscore": {
      "version": "1.4.4",
      "resolved": "https://registry.npmjs.org/underscore/-/underscore-1.4.4.tgz",
      "integrity": "sha1-YaajIBBiKvoHljvzJSA88SI51gQ="
    },
    "validator": {
      "version": "13.5.2",
      "resolved": "https://registry.npmjs.org/validator/-/validator-13.5.2.tgz",
      "integrity": "sha512-mD45p0rvHVBlY2Zuy3F3ESIe1h5X58GPfAtslBjY7EtTqGquZTj+VX/J4RnHWN8FKq0C9WRVt1oWAcytWRuYLQ=="
    },
    "xml2js": {
      "version": "0.4.6",
      "resolved": "https://registry.npmjs.org/xml2js/-/xml2js-0.4.6.tgz",
      "integrity": "sha1-oEFsbwxSRhE/RwZVegu2T/83hus=",
      "requires": {
        "sax": "0.6.x",
        "xmlbuilder": ">=2.4.6"
      }
    },
    "xmlbuilder": {
      "version": "15.1.1",
      "resolved": "https://registry.npmjs.org/xmlbuilder/-/xmlbuilder-15.1.1.tgz",
      "integrity": "sha512-yMqGBqtXyeN1e3TGYvgNgDVZ3j84W4cwkOXQswghol6APgZWaff9lnbvN7MHYJOiXsvGPXtjTYJEiC9J2wv9Eg=="
    }
  }
}
